
Microsoft Visual Studio Solution File, Format Version 12.00
# Visual Studio 2012
Project("{FAE04EC0-301F-11D3-BF4B-00C04F79EFBC}") = "Visao", "Visao\Visao.csproj", "{A3B0D9E4-7CB6-4D97-B838-158A5DE69ACE}"
EndProject
Global
	GlobalSection(SolutionConfigurationPlatforms) = preSolution
		Debug|Any CPU = Debug|Any CPU
		Release|Any CPU = Release|Any CPU
	EndGlobalSection
	GlobalSection(ProjectConfigurationPlatforms) = postSolution
		{A3B0D9E4-7CB6-4D97-B838-158A5DE69ACE}.Debug|Any CPU.ActiveCfg = Debug|Any CPU
		{A3B0D9E4-7CB6-4D97-B838-158A5DE69ACE}.Debug|Any CPU.Build.0 = Debug|Any CPU
		{A3B0D9E4-7CB6-4D97-B838-158A5DE69ACE}.Release|Any CPU.ActiveCfg = Release|Any CPU
		{A3B0D9E4-7CB6-4D97-B838-158A5DE69ACE}.Release|Any CPU.Build.0 = Release|Any CPU
	EndGlobalSection
	GlobalSection(SolutionProperties) = preSolution
		HideSolutionNode = FALSE
	EndGlobalSection
EndGlobal
